github.com/ebitengine/purego v0.8.1 h1:sdRKd6plj7KYW33EH5As6YKfe8m9zbN9JMrOjNVF/BE=
github.com/ebitengine/purego v0.8.1/go.mod h1:iIjxzd6CiRiOG0UyXP+V1+jWqUXVjPKLAI0mRfJZTmQ=
github.com/rafaelmartins/usbhid v0.0.0-20241114210731-578383344781 h1:wNAx+iGSgpc7NmOFVL+zwgWldIvgTbdV1mKhdQPVQzw=
github.com/rafaelmartins/usbhid v0.0.0-20241114210731-578383344781/go.mod h1:c3CMvFIOGkLtE+aZIXEJFlqt9hbw5KWL8k8kvUqzlc8=
